{
  "name": "student-frontend",
  "version": "1.0.0",
  "lockfileVersion": 3,
  "requires": true,
  "packages": {
    "": {
      "name": "student-frontend",
      "version": "1.0.0",
      "dependencies": {
        "axios": "^1.6.1",
        "react": "^18.2.0",
        "react-dom": "^18.2.0",
        "react-scripts": "5.0.1"
      }
    },
    "node_modules/axios": {
      "version": "1.6.1",
      "resolved": "https://registry.npmjs.org/axios/-/axios-1.6.1.tgz",
      "integrity": "sha512-DkR5fJj0O2k3h2MxkexxP1kuK1xX0n8w6tZ9iT3U+f7xYk4vMjS6hFYj1u8YK1P1y6xWwCmNJpVZqz8r0abZfw==",
      "dev": false
    },
    "node_modules/react": {
      "version": "18.2.0",
      "resolved": "https://registry.npmjs.org/react/-/react-18.2.0.tgz",
      "integrity": "sha512-+cqfX0Jg1G+4z5Cv52jkuB58l0O9OyGcCJ+7S78/k7nR5m8b1n2pm0Fm9HnNHyc0XhI4vXUl6g5R8R8W2wZW6w==",
      "dev": false
    },
    "node_modules/react-dom": {
      "version": "18.2.0",
      "resolved": "https://registry.npmjs.org/react-dom/-/react-dom-18.2.0.tgz",
      "integrity": "sha512-E0kSic7F0yOZ9gYZozv6yq1x7h7D0t2GbvFvh6JXnnKc3y18gCkD4q+4WdHgkFd39ZoJu1G1htd6M4aVf29qWA==",
      "dev": false,
      "dependencies": {
        "react": "^18.2.0"
      }
    },
    "node_modules/react-scripts": {
      "version": "5.0.1",
      "resolved": "https://registry.npmjs.org/react-scripts/-/react-scripts-5.0.1.tgz",
      "integrity": "sha512-fWvjEm2yZ3cY6tTtH0g3ZGFL+9awxps+MZlK/9BptO+eSxFzjslX9m1x5r9Ib6WBKcoQZqWp5hBv6eGzLCov2g==",
      "dev": false,
      "dependencies": {
        "react": "^18.2.0",
        "react-dom": "^18.2.0"
      }
    }
  },
  "dependencies": {
    "axios": {
      "version": "1.6.1",
      "resolved": "https://registry.npmjs.org/axios/-/axios-1.6.1.tgz",
      "integrity": "sha512-DkR5fJj0O2k3h2MxkexxP1kuK1xX0n8w6tZ9iT3U+f7xYk4vMjS6hFYj1u8YK1P1y6xWwCmNJpVZqz8r0abZfw==",
      "dev": false
    },
    "react": {
      "version": "18.2.0",
      "resolved": "https://registry.npmjs.org/react/-/react-18.2.0.tgz",
      "integrity": "sha512-+cqfX0Jg1G+4z5Cv52jkuB58l0O9OyGcCJ+7S78/k7nR5m8b1n2pm0Fm9HnNHyc0XhI4vXUl6g5R8R8W2wZW6w==",
      "dev": false
    },
    "react-dom": {
      "version": "18.2.0",
      "resolved": "https://registry.npmjs.org/react-dom/-/react-dom-18.2.0.tgz",
      "integrity": "sha512-E0kSic7F0yOZ9gYZozv6yq1x7h7D0t2GbvFvh6JXnnKc3y18gCkD4q+4WdHgkFd39ZoJu1G1htd6M4aVf29qWA==",
      "dev": false
    },
    "react-scripts": {
      "version": "5.0.1",
      "resolved": "https://registry.npmjs.org/react-scripts/-/react-scripts-5.0.1.tgz",
      "integrity": "sha512-fWvjEm2yZ3cY6tTtH0g3ZGFL+9awxps+MZlK/9BptO+eSxFzjslX9m1x5r9Ib6WBKcoQZqWp5hBv6eGzLCov2g==",
      "dev": false
    }
  }
}
